github.com/DATA-DOG/go-sqlmock v1.5.2 h1:OcvFkGmslmlZibjAjaHm3L//6LiuBgolP7OputlJIzU=
github.com/DATA-DOG/go-sqlmock v1.5.2/go.mod h1:88MAG/4G7SMwSE3CeA0ZKzrT5CiOU3OJ+JlNzwDqpNU=
github.com/gammazero/deque v0.2.1 h1:qSdsbG6pgp6nL7A0+K/B7s12mcCY/5l5SIUpMOl+dC0=
github.com/gammazero/deque v0.2.1/go.mod h1:LFroj8x4cMYCukHJDbxFCkT+r9AndaJnFMuZDV34tuU=
github.com/google/go-cmp v0.5.9 h1:O2Tfq5qg4qc4AmwVlvv0oLiVAGB7enBSJ2x2DqQFi38=
github.com/google/go-cmp v0.5.9/go.mod h1:17dUlkBOakJ0+DkrSSNjCkIjxS6bF9zb3elmeNGIjoY=
github.com/ngicks/go-iterator-helper v0.0.11 h1:LsRfF4WdWaUfUz26JNm6RLM1MtcwCeIxIGnugNiyBT0=
github.com/ngicks/go-iterator-helper v0.0.11/go.mod h1:T4B6G6d/5VJ4F1NH4jvsGHGm9DaaJk1g4+VK+10Ba4Y=
gotest.tools/v3 v3.5.1 h1:EENdUnS3pdur5nybKYIh2Vfgc8IUNBjxDPSjtiJcOzU=
gotest.tools/v3 v3.5.1/go.mod h1:isy3WKz7GK6uNw/sbHzfKBLvlvXwUyV06n6brMxxopU=
rsc.io/omap v1.2.0 h1:c1M8jchnHbzmJALzGLclfH3xDWXrPxSUHXzH5C+8Kdw=
rsc.io/omap v1.2.0/go.mod h1:C8pkI0AWexHopQtZX+qiUeJGzvc8HkdgnsWK4/mAa00=
